
Microsoft Visual Studio Solution File, Format Version 12.00
# Visual Studio 14
VisualStudioVersion = 14.0.25420.1
MinimumVisualStudioVersion = 10.0.40219.1
Project("{FAE04EC0-301F-11D3-BF4B-00C04F79EFBC}") = "IA_TP.UI", "IA_TP.UI\IA_TP.UI.csproj", "{0AC1C1D2-C632-43B2-8EAF-1B6419A786AB}"
EndProject
Project("{FAE04EC0-301F-11D3-BF4B-00C04F79EFBC}") = "IA_TP.Model", "IA_TP.Model\IA_TP.Model.csproj", "{A8558F72-6B9E-4803-8478-B1BE15728E37}"
EndProject
Project("{FAE04EC0-301F-11D3-BF4B-00C04F79EFBC}") = "IA_TP.Sample", "IA_TP.Sample\IA_TP.Sample.csproj", "{EB618B52-551A-470B-A4EA-C604A358E635}"
EndProject
Global
	GlobalSection(SolutionConfigurationPlatforms) = preSolution
		Debug|Any CPU = Debug|Any CPU
		Release|Any CPU = Release|Any CPU
	EndGlobalSection
	GlobalSection(ProjectConfigurationPlatforms) = postSolution
		{0AC1C1D2-C632-43B2-8EAF-1B6419A786AB}.Debug|Any CPU.ActiveCfg = Debug|Any CPU
		{0AC1C1D2-C632-43B2-8EAF-1B6419A786AB}.Debug|Any CPU.Build.0 = Debug|Any CPU
		{0AC1C1D2-C632-43B2-8EAF-1B6419A786AB}.Release|Any CPU.ActiveCfg = Release|Any CPU
		{0AC1C1D2-C632-43B2-8EAF-1B6419A786AB}.Release|Any CPU.Build.0 = Release|Any CPU
		{A8558F72-6B9E-4803-8478-B1BE15728E37}.Debug|Any CPU.ActiveCfg = Debug|Any CPU
		{A8558F72-6B9E-4803-8478-B1BE15728E37}.Debug|Any CPU.Build.0 = Debug|Any CPU
		{A8558F72-6B9E-4803-8478-B1BE15728E37}.Release|Any CPU.ActiveCfg = Release|Any CPU
		{A8558F72-6B9E-4803-8478-B1BE15728E37}.Release|Any CPU.Build.0 = Release|Any CPU
		{EB618B52-551A-470B-A4EA-C604A358E635}.Debug|Any CPU.ActiveCfg = Debug|Any CPU
		{EB618B52-551A-470B-A4EA-C604A358E635}.Debug|Any CPU.Build.0 = Debug|Any CPU
		{EB618B52-551A-470B-A4EA-C604A358E635}.Release|Any CPU.ActiveCfg = Release|Any CPU
		{EB618B52-551A-470B-A4EA-C604A358E635}.Release|Any CPU.Build.0 = Release|Any CPU
	EndGlobalSection
	GlobalSection(SolutionProperties) = preSolution
		HideSolutionNode = FALSE
	EndGlobalSection
EndGlobal
